
Microsoft Visual Studio Solution File, Format Version 12.00
# Visual Studio Version 17
VisualStudioVersion = 17.1.32228.430
MinimumVisualStudioVersion = 10.0.40219.1
Project("{9A19103F-16F7-4668-BE54-9A1E7A4F7556}") = "AnnualCurriculumMakerTest", "TestProject1\AnnualCurriculumMakerTest.csproj", "{957A2CDF-FA69-4E16-B289-7D1F2CF7CE22}"
EndProject
Project("{9A19103F-16F7-4668-BE54-9A1E7A4F7556}") = "AnnualCurriculumMaker", "AnnualCurriculumMaker\AnnualCurriculumMaker.csproj", "{FFCAD053-4322-4E86-9C1A-B0E32E13FEB0}"
EndProject
Project("{9A19103F-16F7-4668-BE54-9A1E7A4F7556}") = "AnnualCurriculumMakerForWinForm", "AnnualCurriculumMakerForWinForm\AnnualCurriculumMakerForWinForm.csproj", "{89F6CF9A-3416-4BAB-9247-7FC12C2AD3B2}"
EndProject
Project("{9A19103F-16F7-4668-BE54-9A1E7A4F7556}") = "AnnualCurriculumMakerForWpf", "AnnualCurriculumMakerForWpf\AnnualCurriculumMakerForWpf.csproj", "{C3235EAB-28C5-4C9D-B015-654B83BF3986}"
EndProject
Global
	GlobalSection(SolutionConfigurationPlatforms) = preSolution
		Debug|Any CPU = Debug|Any CPU
		Release|Any CPU = Release|Any CPU
	EndGlobalSection
	GlobalSection(ProjectConfigurationPlatforms) = postSolution
		{957A2CDF-FA69-4E16-B289-7D1F2CF7CE22}.Debug|Any CPU.ActiveCfg = Debug|Any CPU
		{957A2CDF-FA69-4E16-B289-7D1F2CF7CE22}.Debug|Any CPU.Build.0 = Debug|Any CPU
		{957A2CDF-FA69-4E16-B289-7D1F2CF7CE22}.Release|Any CPU.ActiveCfg = Release|Any CPU
		{957A2CDF-FA69-4E16-B289-7D1F2CF7CE22}.Release|Any CPU.Build.0 = Release|Any CPU
		{FFCAD053-4322-4E86-9C1A-B0E32E13FEB0}.Debug|Any CPU.ActiveCfg = Debug|Any CPU
		{FFCAD053-4322-4E86-9C1A-B0E32E13FEB0}.Debug|Any CPU.Build.0 = Debug|Any CPU
		{FFCAD053-4322-4E86-9C1A-B0E32E13FEB0}.Release|Any CPU.ActiveCfg = Release|Any CPU
		{FFCAD053-4322-4E86-9C1A-B0E32E13FEB0}.Release|Any CPU.Build.0 = Release|Any CPU
		{89F6CF9A-3416-4BAB-9247-7FC12C2AD3B2}.Debug|Any CPU.ActiveCfg = Debug|Any CPU
		{89F6CF9A-3416-4BAB-9247-7FC12C2AD3B2}.Debug|Any CPU.Build.0 = Debug|Any CPU
		{89F6CF9A-3416-4BAB-9247-7FC12C2AD3B2}.Release|Any CPU.ActiveCfg = Release|Any CPU
		{89F6CF9A-3416-4BAB-9247-7FC12C2AD3B2}.Release|Any CPU.Build.0 = Release|Any CPU
		{C3235EAB-28C5-4C9D-B015-654B83BF3986}.Debug|Any CPU.ActiveCfg = Debug|Any CPU
		{C3235EAB-28C5-4C9D-B015-654B83BF3986}.Debug|Any CPU.Build.0 = Debug|Any CPU
		{C3235EAB-28C5-4C9D-B015-654B83BF3986}.Release|Any CPU.ActiveCfg = Release|Any CPU
		{C3235EAB-28C5-4C9D-B015-654B83BF3986}.Release|Any CPU.Build.0 = Release|Any CPU
	EndGlobalSection
	GlobalSection(SolutionProperties) = preSolution
		HideSolutionNode = FALSE
	EndGlobalSection
	GlobalSection(ExtensibilityGlobals) = postSolution
		SolutionGuid = {C0EDF2C2-FF00-4B87-8DE2-8D4D60FCB96C}
	EndGlobalSection
EndGlobal
